
Microsoft Visual Studio Solution File, Format Version 12.00
# Visual Studio 2013
VisualStudioVersion = 12.0.31101.0
MinimumVisualStudioVersion = 10.0.40219.1
Project("{FAE04EC0-301F-11D3-BF4B-00C04F79EFBC}") = "EasyService", "EasyService\EasyService.csproj", "{75D8666A-A743-4984-A888-47AE3CFFC000}"
EndProject
Project("{FAE04EC0-301F-11D3-BF4B-00C04F79EFBC}") = "ServiceSample", "ServiceSample\ServiceSample.csproj", "{7274F9B5-9AE7-49EA-9768-B6E78F7FEC6D}"
EndProject
Global
	GlobalSection(SolutionConfigurationPlatforms) = preSolution
		Debug|Any CPU = Debug|Any CPU
		Release|Any CPU = Release|Any CPU
	EndGlobalSection
	GlobalSection(ProjectConfigurationPlatforms) = postSolution
		{75D8666A-A743-4984-A888-47AE3CFFC000}.Debug|Any CPU.ActiveCfg = Debug|Any CPU
		{75D8666A-A743-4984-A888-47AE3CFFC000}.Debug|Any CPU.Build.0 = Debug|Any CPU
		{75D8666A-A743-4984-A888-47AE3CFFC000}.Release|Any CPU.ActiveCfg = Release|Any CPU
		{75D8666A-A743-4984-A888-47AE3CFFC000}.Release|Any CPU.Build.0 = Release|Any CPU
		{7274F9B5-9AE7-49EA-9768-B6E78F7FEC6D}.Debug|Any CPU.ActiveCfg = Debug|Any CPU
		{7274F9B5-9AE7-49EA-9768-B6E78F7FEC6D}.Debug|Any CPU.Build.0 = Debug|Any CPU
		{7274F9B5-9AE7-49EA-9768-B6E78F7FEC6D}.Release|Any CPU.ActiveCfg = Release|Any CPU
		{7274F9B5-9AE7-49EA-9768-B6E78F7FEC6D}.Release|Any CPU.Build.0 = Release|Any CPU
	EndGlobalSection
	GlobalSection(SolutionProperties) = preSolution
		HideSolutionNode = FALSE
	EndGlobalSection
EndGlobal
